
Microsoft Visual Studio Solution File, Format Version 12.00
# Visual Studio 2013
VisualStudioVersion = 12.0.21005.1
MinimumVisualStudioVersion = 10.0.40219.1
Project("{8BC9CEB8-8B4A-11D0-8D11-00A0C91BC942}") = "Apiori", "Apiori\Apiori.vcxproj", "{B31ED0A3-C594-43E4-9CB3-5E73DA27C960}"
EndProject
Global
	GlobalSection(SolutionConfigurationPlatforms) = preSolution
		Debug|Win32 = Debug|Win32
		Release|Win32 = Release|Win32
	EndGlobalSection
	GlobalSection(ProjectConfigurationPlatforms) = postSolution
		{B31ED0A3-C594-43E4-9CB3-5E73DA27C960}.Debug|Win32.ActiveCfg = Debug|Win32
		{B31ED0A3-C594-43E4-9CB3-5E73DA27C960}.Debug|Win32.Build.0 = Debug|Win32
		{B31ED0A3-C594-43E4-9CB3-5E73DA27C960}.Release|Win32.ActiveCfg = Release|Win32
		{B31ED0A3-C594-43E4-9CB3-5E73DA27C960}.Release|Win32.Build.0 = Release|Win32
	EndGlobalSection
	GlobalSection(SolutionProperties) = preSolution
		HideSolutionNode = FALSE
	EndGlobalSection
EndGlobal
